
Microsoft Visual Studio Solution File, Format Version 12.00
# Visual Studio Version 17
VisualStudioVersion = 17.8.34316.72
MinimumVisualStudioVersion = 10.0.40219.1
Project("{B7DD6F7E-DEF8-4E67-B5B7-07EF123DB6F0}") = "CastFORM_Installer_x64", "CastFORM_Installer_x64.wixproj", "{0DF7A894-E69A-46AF-96E4-B2BB462C9F7E}"
EndProject
Global
	GlobalSection(SolutionConfigurationPlatforms) = preSolution
		Debug|ARM64 = Debug|ARM64
		Debug|x64 = Debug|x64
		Debug|x86 = Debug|x86
		Release|ARM64 = Release|ARM64
		Release|x64 = Release|x64
		Release|x86 = Release|x86
	EndGlobalSection
	GlobalSection(ProjectConfigurationPlatforms) = postSolution
		{0DF7A894-E69A-46AF-96E4-B2BB462C9F7E}.Debug|ARM64.ActiveCfg = Debug|ARM64
		{0DF7A894-E69A-46AF-96E4-B2BB462C9F7E}.Debug|ARM64.Build.0 = Debug|ARM64
		{0DF7A894-E69A-46AF-96E4-B2BB462C9F7E}.Debug|x64.ActiveCfg = Debug|x64
		{0DF7A894-E69A-46AF-96E4-B2BB462C9F7E}.Debug|x64.Build.0 = Debug|x64
		{0DF7A894-E69A-46AF-96E4-B2BB462C9F7E}.Debug|x86.ActiveCfg = Release|x64
		{0DF7A894-E69A-46AF-96E4-B2BB462C9F7E}.Debug|x86.Build.0 = Release|x64
		{0DF7A894-E69A-46AF-96E4-B2BB462C9F7E}.Release|ARM64.ActiveCfg = Release|ARM64
		{0DF7A894-E69A-46AF-96E4-B2BB462C9F7E}.Release|ARM64.Build.0 = Release|ARM64
		{0DF7A894-E69A-46AF-96E4-B2BB462C9F7E}.Release|x64.ActiveCfg = Release|x64
		{0DF7A894-E69A-46AF-96E4-B2BB462C9F7E}.Release|x64.Build.0 = Release|x64
		{0DF7A894-E69A-46AF-96E4-B2BB462C9F7E}.Release|x86.ActiveCfg = Release|x86
		{0DF7A894-E69A-46AF-96E4-B2BB462C9F7E}.Release|x86.Build.0 = Release|x86
	EndGlobalSection
	GlobalSection(SolutionProperties) = preSolution
		HideSolutionNode = FALSE
	EndGlobalSection
	GlobalSection(ExtensibilityGlobals) = postSolution
		SolutionGuid = {610B07EF-033D-4C49-8134-0FFDA6346AAC}
	EndGlobalSection
EndGlobal
